
Microsoft Visual Studio Solution File, Format Version 12.00
# Visual Studio Version 17
VisualStudioVersion = 17.9.34728.123
MinimumVisualStudioVersion = 10.0.40219.1
Project("{9A19103F-16F7-4668-BE54-9A1E7A4F7556}") = "ToDoWeb", "ToDoWeb\ToDoWeb.csproj", "{9B30E257-47B8-4C48-A375-7C55DBD5F58B}"
EndProject
Project("{9A19103F-16F7-4668-BE54-9A1E7A4F7556}") = "ToDo.RepositoryLayer", "ToDo.DataAccess\ToDo.RepositoryLayer.csproj", "{183191A3-0778-491F-8802-CE72612BB3DE}"
	ProjectSection(ProjectDependencies) = postProject
		{46D5BFC8-0A4A-468D-A519-216087644392} = {46D5BFC8-0A4A-468D-A519-216087644392}
	EndProjectSection
EndProject
Project("{9A19103F-16F7-4668-BE54-9A1E7A4F7556}") = "ToDo.DomainLayer", "ToDo.Models\ToDo.DomainLayer.csproj", "{46D5BFC8-0A4A-468D-A519-216087644392}"
EndProject
Project("{FAE04EC0-301F-11D3-BF4B-00C04F79EFBC}") = "ToDo.ServiceLayer", "ToDo.ServiceLayer\ToDo.ServiceLayer.csproj", "{4863B3D8-EF23-48DD-B938-41AE181C2042}"
EndProject
Global
	GlobalSection(SolutionConfigurationPlatforms) = preSolution
		Debug|Any CPU = Debug|Any CPU
		Release|Any CPU = Release|Any CPU
	EndGlobalSection
	GlobalSection(ProjectConfigurationPlatforms) = postSolution
		{9B30E257-47B8-4C48-A375-7C55DBD5F58B}.Debug|Any CPU.ActiveCfg = Debug|Any CPU
		{9B30E257-47B8-4C48-A375-7C55DBD5F58B}.Debug|Any CPU.Build.0 = Debug|Any CPU
		{9B30E257-47B8-4C48-A375-7C55DBD5F58B}.Release|Any CPU.ActiveCfg = Release|Any CPU
		{9B30E257-47B8-4C48-A375-7C55DBD5F58B}.Release|Any CPU.Build.0 = Release|Any CPU
		{183191A3-0778-491F-8802-CE72612BB3DE}.Debug|Any CPU.ActiveCfg = Debug|Any CPU
		{183191A3-0778-491F-8802-CE72612BB3DE}.Debug|Any CPU.Build.0 = Debug|Any CPU
		{183191A3-0778-491F-8802-CE72612BB3DE}.Release|Any CPU.ActiveCfg = Release|Any CPU
		{183191A3-0778-491F-8802-CE72612BB3DE}.Release|Any CPU.Build.0 = Release|Any CPU
		{46D5BFC8-0A4A-468D-A519-216087644392}.Debug|Any CPU.ActiveCfg = Debug|Any CPU
		{46D5BFC8-0A4A-468D-A519-216087644392}.Debug|Any CPU.Build.0 = Debug|Any CPU
		{46D5BFC8-0A4A-468D-A519-216087644392}.Release|Any CPU.ActiveCfg = Release|Any CPU
		{46D5BFC8-0A4A-468D-A519-216087644392}.Release|Any CPU.Build.0 = Release|Any CPU
		{4863B3D8-EF23-48DD-B938-41AE181C2042}.Debug|Any CPU.ActiveCfg = Debug|Any CPU
		{4863B3D8-EF23-48DD-B938-41AE181C2042}.Debug|Any CPU.Build.0 = Debug|Any CPU
		{4863B3D8-EF23-48DD-B938-41AE181C2042}.Release|Any CPU.ActiveCfg = Release|Any CPU
		{4863B3D8-EF23-48DD-B938-41AE181C2042}.Release|Any CPU.Build.0 = Release|Any CPU
	EndGlobalSection
	GlobalSection(SolutionProperties) = preSolution
		HideSolutionNode = FALSE
	EndGlobalSection
	GlobalSection(ExtensibilityGlobals) = postSolution
		SolutionGuid = {F3F25A02-97DF-4F8E-801F-7EFD77529995}
	EndGlobalSection
EndGlobal
